
Microsoft Visual Studio Solution File, Format Version 12.00
# Visual Studio Version 17
VisualStudioVersion = 17.8.34330.188
MinimumVisualStudioVersion = 10.0.40219.1
Project("{9A19103F-16F7-4668-BE54-9A1E7A4F7556}") = "AntGateBarrier", "AntGateBarrier\AntGateBarrier.csproj", "{E443CD6D-3D2B-45D9-8164-C31E771CB374}"
EndProject
Global
	GlobalSection(SolutionConfigurationPlatforms) = preSolution
		Debug|Any CPU = Debug|Any CPU
		Debug|x64 = Debug|x64
		Release|Any CPU = Release|Any CPU
		Release|x64 = Release|x64
	EndGlobalSection
	GlobalSection(ProjectConfigurationPlatforms) = postSolution
		{E443CD6D-3D2B-45D9-8164-C31E771CB374}.Debug|Any CPU.ActiveCfg = Debug|Any CPU
		{E443CD6D-3D2B-45D9-8164-C31E771CB374}.Debug|Any CPU.Build.0 = Debug|Any CPU
		{E443CD6D-3D2B-45D9-8164-C31E771CB374}.Debug|x64.ActiveCfg = Debug|x64
		{E443CD6D-3D2B-45D9-8164-C31E771CB374}.Debug|x64.Build.0 = Debug|x64
		{E443CD6D-3D2B-45D9-8164-C31E771CB374}.Release|Any CPU.ActiveCfg = Release|Any CPU
		{E443CD6D-3D2B-45D9-8164-C31E771CB374}.Release|Any CPU.Build.0 = Release|Any CPU
		{E443CD6D-3D2B-45D9-8164-C31E771CB374}.Release|x64.ActiveCfg = Release|x64
		{E443CD6D-3D2B-45D9-8164-C31E771CB374}.Release|x64.Build.0 = Release|x64
	EndGlobalSection
	GlobalSection(SolutionProperties) = preSolution
		HideSolutionNode = FALSE
	EndGlobalSection
	GlobalSection(ExtensibilityGlobals) = postSolution
		SolutionGuid = {BEFB47B4-28A0-4D1C-AE0E-1A42C093A71B}
	EndGlobalSection
EndGlobal
